
Microsoft Visual Studio Solution File, Format Version 12.00
# Visual Studio Version 16
VisualStudioVersion = 16.0.31112.23
MinimumVisualStudioVersion = 10.0.40219.1
Project("{FAE04EC0-301F-11D3-BF4B-00C04F79EFBC}") = "DataDog", "DataDog\DataDog.csproj", "{6AE6C13D-C889-47DC-A844-8556166EA355}"
EndProject
Global
	GlobalSection(SolutionConfigurationPlatforms) = preSolution
		Debug|Any CPU = Debug|Any CPU
		Release|Any CPU = Release|Any CPU
	EndGlobalSection
	GlobalSection(ProjectConfigurationPlatforms) = postSolution
		{6AE6C13D-C889-47DC-A844-8556166EA355}.Debug|Any CPU.ActiveCfg = Debug|Any CPU
		{6AE6C13D-C889-47DC-A844-8556166EA355}.Debug|Any CPU.Build.0 = Debug|Any CPU
		{6AE6C13D-C889-47DC-A844-8556166EA355}.Release|Any CPU.ActiveCfg = Release|Any CPU
		{6AE6C13D-C889-47DC-A844-8556166EA355}.Release|Any CPU.Build.0 = Release|Any CPU
	EndGlobalSection
	GlobalSection(SolutionProperties) = preSolution
		HideSolutionNode = FALSE
	EndGlobalSection
	GlobalSection(ExtensibilityGlobals) = postSolution
		SolutionGuid = {8AFA79A0-C0F8-4421-B1D6-4B263DEF3E2D}
	EndGlobalSection
EndGlobal
